{
  "version": 4,
  "terraform_version": "1.1.5",
  "serial": 6,
  "lineage": "0f833058-d3d5-1db9-1c78-aa7a9a396733",
  "outputs": {
    "server": {
      "value": {
        "ami": "ami-03871d08058c687f9",
        "arn": "arn:aws:ec2:us-east-1:411545821635:instance/i-0a3345299389f58ba",
        "id": "i-0a3345299389f58ba"
      },
      "type": [
        "object",
        {
          "ami": "string",
          "arn": "string",
          "id": "string"
        }
      ]
    }
  },
  "resources": [
    {
      "mode": "data",
      "type": "terraform_remote_state",
      "name": "server",
      "provider": "provider[\"terraform.io/builtin/terraform\"]",
      "instances": [
        {
          "schema_version": 0,
          "attributes": {
            "backend": "s3",
            "config": {
              "value": {
                "bucket": "tfstate-411545821635",
                "key": "dev/terraform-data-source/terraform.tfstate",
                "profile": "neto-terraform-1",
                "region": "us-east-1"
              },
              "type": [
                "object",
                {
                  "bucket": "string",
                  "key": "string",
                  "profile": "string",
                  "region": "string"
                }
              ]
            },
            "defaults": null,
            "outputs": {
              "value": {
                "ami": "ami-03871d08058c687f9",
                "arn": "arn:aws:ec2:us-east-1:411545821635:instance/i-0a3345299389f58ba",
                "id": "i-0a3345299389f58ba"
              },
              "type": [
                "object",
                {
                  "ami": "string",
                  "arn": "string",
                  "id": "string"
                }
              ]
            },
            "workspace": null
          },
          "sensitive_attributes": []
        }
      ]
    },
    {
      "mode": "managed",
      "type": "aws_s3_bucket",
      "name": "this",
      "provider": "provider[\"registry.terraform.io/hashicorp/aws\"]",
      "instances": [
        {
          "schema_version": 0,
          "attributes": {
            "acceleration_status": "",
            "acl": "private",
            "arn": "arn:aws:s3:::my-bucket-physically-secretly-precisely-fit-starling",
            "bucket": "my-bucket-physically-secretly-precisely-fit-starling",
            "bucket_domain_name": "my-bucket-physically-secretly-precisely-fit-starling.s3.amazonaws.com",
            "bucket_prefix": null,
            "bucket_regional_domain_name": "my-bucket-physically-secretly-precisely-fit-starling.s3.amazonaws.com",
            "cors_rule": [],
            "force_destroy": false,
            "grant": [],
            "hosted_zone_id": "Z3AQBSTGFYJSTF",
            "id": "my-bucket-physically-secretly-precisely-fit-starling",
            "lifecycle_rule": [],
            "logging": [],
            "object_lock_configuration": [],
            "policy": null,
            "region": "us-east-1",
            "replication_configuration": [],
            "request_payer": "BucketOwner",
            "server_side_encryption_configuration": [],
            "tags": {},
            "versioning": [
              {
                "enabled": false,
                "mfa_delete": false
              }
            ],
            "website": [],
            "website_domain": null,
            "website_endpoint": null
          },
          "sensitive_attributes": [],
          "private": "bnVsbA==",
          "dependencies": [
            "random_pet.this"
          ]
        }
      ]
    },
    {
      "mode": "managed",
      "type": "aws_s3_bucket_object",
      "name": "this",
      "provider": "provider[\"registry.terraform.io/hashicorp/aws\"]",
      "instances": [
        {
          "schema_version": 0,
          "attributes": {
            "acl": "private",
            "bucket": "my-bucket-physically-secretly-precisely-fit-starling",
            "cache_control": "",
            "content": null,
            "content_base64": null,
            "content_disposition": "",
            "content_encoding": "",
            "content_language": "",
            "content_type": "application/json",
            "etag": "95d0a3613fe8dc7668c284f95a3d61c8",
            "force_destroy": false,
            "id": "instances/instancesami-03871d08058c687f9.txt",
            "key": "instances/instancesami-03871d08058c687f9.txt",
            "kms_key_id": null,
            "metadata": null,
            "object_lock_legal_hold_status": "",
            "object_lock_mode": "",
            "object_lock_retain_until_date": "",
            "server_side_encryption": "",
            "source": "outputs.json",
            "storage_class": "STANDARD",
            "tags": null,
            "version_id": "",
            "website_redirect": ""
          },
          "sensitive_attributes": [],
          "private": "bnVsbA==",
          "dependencies": [
            "aws_s3_bucket.this",
            "data.terraform_remote_state.server"
          ]
        }
      ]
    },
    {
      "mode": "managed",
      "type": "random_pet",
      "name": "this",
      "provider": "provider[\"registry.terraform.io/hashicorp/random\"]",
      "instances": [
        {
          "schema_version": 0,
          "attributes": {
            "id": "physically-secretly-precisely-fit-starling",
            "keepers": null,
            "length": 5,
            "prefix": null,
            "separator": "-"
          },
          "sensitive_attributes": [],
          "private": "bnVsbA=="
        }
      ]
    }
  ]
}
