{
  "version": 4,
  "terraform_version": "1.1.2",
  "serial": 17,
  "lineage": "3f281949-900a-d910-496f-21d1aa3057bc",
  "outputs": {
    "bucket_arn": {
      "value": "arn:aws:s3:::amazingly-optionally-heavily-fast-pug-dev",
      "type": "string"
    },
    "bucket_domain_name": {
      "value": "amazingly-optionally-heavily-fast-pug-dev.s3.amazonaws.com",
      "type": "string"
    },
    "bucket_name": {
      "value": "amazingly-optionally-heavily-fast-pug-dev",
      "type": "string"
    },
    "ips_filepath": {
      "value": "amazingly-optionally-heavily-fast-pug-dev/config/ips.json",
      "type": "string"
    }
  },
  "resources": [
    {
      "mode": "managed",
      "type": "aws_s3_bucket",
      "name": "this",
      "provider": "provider[\"registry.terraform.io/hashicorp/aws\"]",
      "instances": [
        {
          "schema_version": 0,
          "attributes": {
            "acceleration_status": "",
            "acl": "private",
            "arn": "arn:aws:s3:::amazingly-optionally-heavily-fast-pug-dev",
            "bucket": "amazingly-optionally-heavily-fast-pug-dev",
            "bucket_domain_name": "amazingly-optionally-heavily-fast-pug-dev.s3.amazonaws.com",
            "bucket_prefix": null,
            "bucket_regional_domain_name": "amazingly-optionally-heavily-fast-pug-dev.s3.amazonaws.com",
            "cors_rule": [],
            "force_destroy": false,
            "grant": [],
            "hosted_zone_id": "Z3AQBSTGFYJSTF",
            "id": "amazingly-optionally-heavily-fast-pug-dev",
            "lifecycle_rule": [],
            "logging": [],
            "object_lock_configuration": [],
            "policy": null,
            "region": "us-east-1",
            "replication_configuration": [],
            "request_payer": "BucketOwner",
            "server_side_encryption_configuration": [],
            "tags": {
              "Environment": "dev",
              "ManagedBy": "Terraform",
              "Owner": "Neto Gerbi",
              "Service": "Terraform Lab"
            },
            "tags_all": {
              "Environment": "dev",
              "ManagedBy": "Terraform",
              "Owner": "Neto Gerbi",
              "Service": "Terraform Lab"
            },
            "versioning": [
              {
                "enabled": false,
                "mfa_delete": false
              }
            ],
            "website": [],
            "website_domain": null,
            "website_endpoint": null
          },
          "sensitive_attributes": [],
          "private": "bnVsbA==",
          "dependencies": [
            "random_pet.bucket"
          ]
        }
      ]
    },
    {
      "mode": "managed",
      "type": "aws_s3_bucket_object",
      "name": "random",
      "provider": "provider[\"registry.terraform.io/hashicorp/aws\"]",
      "instances": [
        {
          "schema_version": 0,
          "attributes": {
            "acl": "private",
            "bucket": "amazingly-optionally-heavily-fast-pug-dev",
            "bucket_key_enabled": false,
            "cache_control": "",
            "content": null,
            "content_base64": null,
            "content_disposition": "",
            "content_encoding": "",
            "content_language": "",
            "content_type": "application/json",
            "etag": "38ce9546997ca01933cebec0b25bff05",
            "force_destroy": false,
            "id": "config/amazingly-optionally-heavily-fast-pug.json",
            "key": "config/amazingly-optionally-heavily-fast-pug.json",
            "kms_key_id": null,
            "metadata": {},
            "object_lock_legal_hold_status": "",
            "object_lock_mode": "",
            "object_lock_retain_until_date": "",
            "server_side_encryption": "",
            "source": "ips.json",
            "source_hash": null,
            "storage_class": "STANDARD",
            "tags": {
              "Environment": "dev",
              "ManagedBy": "Terraform",
              "Owner": "Neto Gerbi",
              "Service": "Terraform Lab"
            },
            "tags_all": {
              "Environment": "dev",
              "ManagedBy": "Terraform",
              "Owner": "Neto Gerbi",
              "Service": "Terraform Lab"
            },
            "version_id": "",
            "website_redirect": ""
          },
          "sensitive_attributes": [],
          "private": "bnVsbA==",
          "dependencies": [
            "aws_s3_bucket.this",
            "random_pet.bucket"
          ]
        }
      ]
    },
    {
      "mode": "managed",
      "type": "aws_s3_bucket_object",
      "name": "this",
      "provider": "provider[\"registry.terraform.io/hashicorp/aws\"]",
      "instances": [
        {
          "schema_version": 0,
          "attributes": {
            "acl": "private",
            "bucket": "amazingly-optionally-heavily-fast-pug-dev",
            "bucket_key_enabled": false,
            "cache_control": "",
            "content": null,
            "content_base64": null,
            "content_disposition": "",
            "content_encoding": "",
            "content_language": "",
            "content_type": "application/json",
            "etag": "38ce9546997ca01933cebec0b25bff05",
            "force_destroy": false,
            "id": "config/ips.json",
            "key": "config/ips.json",
            "kms_key_id": null,
            "metadata": {},
            "object_lock_legal_hold_status": "",
            "object_lock_mode": "",
            "object_lock_retain_until_date": "",
            "server_side_encryption": "",
            "source": "ips.json",
            "source_hash": null,
            "storage_class": "STANDARD",
            "tags": {
              "Environment": "dev",
              "ManagedBy": "Terraform",
              "Owner": "Neto Gerbi",
              "Service": "Terraform Lab"
            },
            "tags_all": {
              "Environment": "dev",
              "ManagedBy": "Terraform",
              "Owner": "Neto Gerbi",
              "Service": "Terraform Lab"
            },
            "version_id": "",
            "website_redirect": ""
          },
          "sensitive_attributes": [],
          "private": "bnVsbA==",
          "dependencies": [
            "aws_s3_bucket.this"
          ]
        }
      ]
    },
    {
      "mode": "managed",
      "type": "random_pet",
      "name": "bucket",
      "provider": "provider[\"registry.terraform.io/hashicorp/random\"]",
      "instances": [
        {
          "schema_version": 0,
          "attributes": {
            "id": "amazingly-optionally-heavily-fast-pug",
            "keepers": null,
            "length": 5,
            "prefix": null,
            "separator": "-"
          },
          "sensitive_attributes": [],
          "private": "bnVsbA=="
        }
      ]
    }
  ]
}
