{
  "version": 4,
  "terraform_version": "1.1.5",
  "serial": 5,
  "lineage": "6224b04b-411b-50d7-a839-5675f8b872bd",
  "outputs": {},
  "resources": [
    {
      "mode": "data",
      "type": "archive_file",
      "name": "json",
      "provider": "provider[\"registry.terraform.io/hashicorp/archive\"]",
      "instances": [
        {
          "schema_version": 0,
          "attributes": {
            "excludes": null,
            "id": "ee5ac5d4ba49adc94eca307f2da7e39eec5b2ca1",
            "output_base64sha256": "H0ez1S1eTOhUNugwIgs7noG08GcPMnlDKqFAK30ty/M=",
            "output_md5": "da9dcbbcc6bf4b3123ba01b3169870bf",
            "output_path": "./files/my-generated-template.zip",
            "output_sha": "ee5ac5d4ba49adc94eca307f2da7e39eec5b2ca1",
            "output_size": 231,
            "source": [
              {
                "content": "{\n  age = \"38\"\n  eye = \"Brown\"\n  name = \"Neto Gerbi\"\n  gender = \"Male\"\n}",
                "filename": "my-generated-template.json"
              }
            ],
            "source_content": null,
            "source_content_filename": null,
            "source_dir": null,
            "source_file": null,
            "type": "zip"
          },
          "sensitive_attributes": []
        }
      ]
    },
    {
      "mode": "data",
      "type": "template_file",
      "name": "json",
      "provider": "provider[\"registry.terraform.io/hashicorp/template\"]",
      "instances": [
        {
          "schema_version": 0,
          "attributes": {
            "filename": null,
            "id": "114a194de4f7a040c1a9df8b63191f78b5acac89523b662939e7477259bf61be",
            "rendered": "{\n  age = \"38\"\n  eye = \"Brown\"\n  name = \"Neto Gerbi\"\n  gender = \"Male\"\n}",
            "template": "{\n  age = \"${age}\"\n  eye = \"${eye}\"\n  name = \"${name}\"\n  gender = \"${gender}\"\n}",
            "vars": {
              "age": "38",
              "eye": "Brown",
              "gender": "Male",
              "name": "Neto Gerbi"
            }
          },
          "sensitive_attributes": []
        }
      ]
    },
    {
      "mode": "managed",
      "type": "aws_instance",
      "name": "server",
      "provider": "provider[\"registry.terraform.io/hashicorp/aws\"]",
      "instances": [
        {
          "index_key": 0,
          "schema_version": 1,
          "attributes": {
            "ami": "ami-033b95fb8079dc481",
            "arn": "arn:aws:ec2:us-east-1:411545821635:instance/i-06cde00312632868b",
            "associate_public_ip_address": true,
            "availability_zone": "us-east-1a",
            "cpu_core_count": 1,
            "cpu_threads_per_core": 1,
            "credit_specification": [
              {
                "cpu_credits": "standard"
              }
            ],
            "disable_api_termination": false,
            "ebs_block_device": [],
            "ebs_optimized": false,
            "enclave_options": [
              {
                "enabled": false
              }
            ],
            "ephemeral_block_device": [],
            "get_password_data": false,
            "hibernation": false,
            "host_id": null,
            "iam_instance_profile": "",
            "id": "i-06cde00312632868b",
            "instance_initiated_shutdown_behavior": null,
            "instance_state": "running",
            "instance_type": "t2.micro",
            "ipv6_address_count": 0,
            "ipv6_addresses": [],
            "key_name": "",
            "metadata_options": [
              {
                "http_endpoint": "enabled",
                "http_put_response_hop_limit": 1,
                "http_tokens": "optional"
              }
            ],
            "monitoring": false,
            "network_interface": [],
            "outpost_arn": "",
            "password_data": "",
            "placement_group": "",
            "primary_network_interface_id": "eni-0a89039a74e457cef",
            "private_dns": "ip-172-31-86-48.ec2.internal",
            "private_ip": "172.31.86.48",
            "public_dns": "ec2-54-161-194-150.compute-1.amazonaws.com",
            "public_ip": "54.161.194.150",
            "root_block_device": [
              {
                "delete_on_termination": true,
                "device_name": "/dev/xvda",
                "encrypted": false,
                "iops": 100,
                "kms_key_id": "",
                "throughput": 0,
                "volume_id": "vol-052df6dabfabb0801",
                "volume_size": 8,
                "volume_type": "gp2"
              }
            ],
            "secondary_private_ips": [],
            "security_groups": [
              "default"
            ],
            "source_dest_check": true,
            "subnet_id": "subnet-e4fd8cc5",
            "tags": {
              "Env": "dev",
              "Name": "Instance 1",
              "Owner": "Neto Gerbi",
              "Year": "2022"
            },
            "tenancy": "default",
            "timeouts": null,
            "user_data": null,
            "user_data_base64": null,
            "volume_tags": {},
            "vpc_security_group_ids": [
              "sg-a07ad5a0"
            ]
          },
          "sensitive_attributes": [],
          "private": "eyJlMmJmYjczMC1lY2FhLTExZTYtOGY4OC0zNDM2M2JjN2M0YzAiOnsiY3JlYXRlIjo2MDAwMDAwMDAwMDAsImRlbGV0ZSI6MTIwMDAwMDAwMDAwMCwidXBkYXRlIjo2MDAwMDAwMDAwMDB9LCJzY2hlbWFfdmVyc2lvbiI6IjEifQ=="
        }
      ]
    },
    {
      "mode": "managed",
      "type": "aws_s3_bucket",
      "name": "this",
      "provider": "provider[\"registry.terraform.io/hashicorp/aws\"]",
      "instances": [
        {
          "schema_version": 0,
          "attributes": {
            "acceleration_status": "",
            "acl": "private",
            "arn": "arn:aws:s3:::arguably-extremely-wrongly-better-sculpin-dev",
            "bucket": "arguably-extremely-wrongly-better-sculpin-dev",
            "bucket_domain_name": "arguably-extremely-wrongly-better-sculpin-dev.s3.amazonaws.com",
            "bucket_prefix": null,
            "bucket_regional_domain_name": "arguably-extremely-wrongly-better-sculpin-dev.s3.amazonaws.com",
            "cors_rule": [],
            "force_destroy": false,
            "grant": [],
            "hosted_zone_id": "Z3AQBSTGFYJSTF",
            "id": "arguably-extremely-wrongly-better-sculpin-dev",
            "lifecycle_rule": [],
            "logging": [],
            "object_lock_configuration": [],
            "policy": null,
            "region": "us-east-1",
            "replication_configuration": [],
            "request_payer": "BucketOwner",
            "server_side_encryption_configuration": [],
            "tags": {
              "Owner": "Neto Gerbi",
              "Year": "2022"
            },
            "versioning": [
              {
                "enabled": false,
                "mfa_delete": false
              }
            ],
            "website": [],
            "website_domain": null,
            "website_endpoint": null
          },
          "sensitive_attributes": [],
          "private": "bnVsbA==",
          "dependencies": [
            "random_pet.bucket"
          ]
        }
      ]
    },
    {
      "mode": "managed",
      "type": "aws_s3_bucket_object",
      "name": "this",
      "provider": "provider[\"registry.terraform.io/hashicorp/aws\"]",
      "instances": [
        {
          "schema_version": 0,
          "attributes": {
            "acl": "private",
            "bucket": "arguably-extremely-wrongly-better-sculpin-dev",
            "cache_control": "",
            "content": null,
            "content_base64": null,
            "content_disposition": "",
            "content_encoding": "",
            "content_language": "",
            "content_type": "application/zip",
            "etag": "da9dcbbcc6bf4b3123ba01b3169870bf",
            "force_destroy": false,
            "id": "5af794c6-2a8c-e437-bc9e-67b454607181.zip",
            "key": "5af794c6-2a8c-e437-bc9e-67b454607181.zip",
            "kms_key_id": null,
            "metadata": null,
            "object_lock_legal_hold_status": "",
            "object_lock_mode": "",
            "object_lock_retain_until_date": "",
            "server_side_encryption": "",
            "source": "./files/my-generated-template.zip",
            "storage_class": "STANDARD",
            "tags": {
              "Owner": "Neto Gerbi",
              "Year": "2022"
            },
            "version_id": "",
            "website_redirect": ""
          },
          "sensitive_attributes": [],
          "private": "bnVsbA==",
          "dependencies": [
            "aws_s3_bucket.this",
            "data.archive_file.json",
            "random_pet.bucket"
          ]
        }
      ]
    },
    {
      "mode": "managed",
      "type": "random_pet",
      "name": "bucket",
      "provider": "provider[\"registry.terraform.io/hashicorp/random\"]",
      "instances": [
        {
          "schema_version": 0,
          "attributes": {
            "id": "arguably-extremely-wrongly-better-sculpin",
            "keepers": null,
            "length": 5,
            "prefix": null,
            "separator": "-"
          },
          "sensitive_attributes": [],
          "private": "bnVsbA=="
        }
      ]
    }
  ]
}
