{
  "version": 4,
  "terraform_version": "1.1.5",
  "serial": 17,
  "lineage": "3bcfe2a6-a111-c147-de11-70c750ad427f",
  "outputs": {},
  "resources": [
    {
      "mode": "managed",
      "type": "aws_iam_user",
      "name": "the_accounts",
      "provider": "provider[\"registry.terraform.io/hashicorp/aws\"]",
      "instances": [
        {
          "index_key": "Neto",
          "schema_version": 0,
          "attributes": {
            "arn": "arn:aws:iam::411545821635:user/Neto",
            "force_destroy": false,
            "id": "Neto",
            "name": "Neto",
            "path": "/",
            "permissions_boundary": null,
            "tags": {},
            "unique_id": "AIDAV7UQK4HB2CQF6TD3C"
          },
          "sensitive_attributes": [],
          "private": "bnVsbA=="
        },
        {
          "index_key": "Tatiara",
          "schema_version": 0,
          "attributes": {
            "arn": "arn:aws:iam::411545821635:user/Tatiara",
            "force_destroy": false,
            "id": "Tatiara",
            "name": "Tatiara",
            "path": "/",
            "permissions_boundary": null,
            "tags": {},
            "unique_id": "AIDAV7UQK4HB2SWBJB44E"
          },
          "sensitive_attributes": [],
          "private": "bnVsbA=="
        }
      ]
    }
  ]
}
