{
  "version": 4,
  "terraform_version": "1.1.2",
  "serial": 6,
  "lineage": "ebfbf2b3-3913-d132-67a3-37cdd427c94d",
  "outputs": {},
  "resources": [
    {
      "mode": "managed",
      "type": "aws_s3_bucket",
      "name": "test-bucket",
      "provider": "provider[\"registry.terraform.io/hashicorp/aws\"]",
      "instances": [
        {
          "schema_version": 0,
          "attributes": {
            "acceleration_status": "",
            "acl": "private",
            "arn": "arn:aws:s3:::netogerbi-test-bucket-terraform-2",
            "bucket": "netogerbi-test-bucket-terraform-2",
            "bucket_domain_name": "netogerbi-test-bucket-terraform-2.s3.amazonaws.com",
            "bucket_prefix": null,
            "bucket_regional_domain_name": "netogerbi-test-bucket-terraform-2.s3.amazonaws.com",
            "cors_rule": [],
            "force_destroy": false,
            "grant": [],
            "hosted_zone_id": "Z3AQBSTGFYJSTF",
            "id": "netogerbi-test-bucket-terraform-2",
            "lifecycle_rule": [],
            "logging": [],
            "object_lock_configuration": [],
            "policy": null,
            "region": "us-east-1",
            "replication_configuration": [],
            "request_payer": "BucketOwner",
            "server_side_encryption_configuration": [],
            "tags": {
              "Environment": "Dev",
              "ManagedBy": "Terraform",
              "Name": "Test bucket 1",
              "Owner": "Neto Gerbi",
              "UpdatedAt": "2022-01-07"
            },
            "tags_all": {
              "Environment": "Dev",
              "ManagedBy": "Terraform",
              "Name": "Test bucket 1",
              "Owner": "Neto Gerbi",
              "UpdatedAt": "2022-01-07"
            },
            "versioning": [
              {
                "enabled": false,
                "mfa_delete": false
              }
            ],
            "website": [],
            "website_domain": null,
            "website_endpoint": null
          },
          "sensitive_attributes": [],
          "private": "bnVsbA=="
        }
      ]
    }
  ]
}
